{
  "version": 4,
  "terraform_version": "0.12.18",
  "serial": 23,
  "lineage": "c1988b08-db17-8d24-55a3-5118300928c9",
  "outputs": {
    "ELB": {
      "value": "my-elb-1696914434.ap-southeast-1.elb.amazonaws.com",
      "type": "string"
    }
  },
  "resources": [
    {
      "mode": "data",
      "type": "template_cloudinit_config",
      "name": "cloudinit-example",
      "provider": "provider.template",
      "instances": [
        {
          "schema_version": 0,
          "attributes": {
            "base64_encode": false,
            "gzip": false,
            "id": "3429216561",
            "part": [
              {
                "content": "#cloud-config\n\nrepo_update: true\nrepo_upgrade: all\n\npackages:\n  - lvm2\n\noutput:\n  all: '| tee -a /var/log/cloud-init-output.log'\n",
                "content_type": "text/cloud-config",
                "filename": "init.cfg",
                "merge_type": ""
              },
              {
                "content": "#!/bin/bash\n\nset -ex \n\nvgchange -ay\n\nDEVICE_FS=`blkid -o value -s TYPE /dev/xvdh || echo \"\"`\nif [ \"`echo -n $DEVICE_FS`\" == \"\" ] ; then \n  # wait for the device to be attached\n  DEVICENAME=`echo \"/dev/xvdh\" | awk -F '/' '{print $3}'`\n  DEVICEEXISTS=''\n  while [[ -z $DEVICEEXISTS ]]; do\n    echo \"checking $DEVICENAME\"\n    DEVICEEXISTS=`lsblk |grep \"$DEVICENAME\" |wc -l`\n    if [[ $DEVICEEXISTS != \"1\" ]]; then\n      sleep 15\n    fi\n  done\n  pvcreate /dev/xvdh\n  vgcreate data /dev/xvdh\n  lvcreate --name volume1 -l 100%FREE data\n  mkfs.ext4 /dev/data/volume1\nfi\nmkdir -p /data\necho '/dev/data/volume1 /data ext4 defaults 0 0' \u003e\u003e /etc/fstab\nmount /data\n\n# provision software\nsudo apt-get update\nsudo apt-get -y install nginx\n\n# sudo rm /var/www/html/index.nginx-debian.html\n# sudo mv /tmp/html_content.html /var/www/html/index.nginx-debian.html\n\n\nsudo mv /tmp/html_content.html /data/index.html\nsudo sed -i '41d' /etc/nginx/sites-available/default   \nsudo sed -i '41 a root /data;' /etc/nginx/sites-available/default\n# make sure nginx is started\nsudo service nginx restart\n",
                "content_type": "text/x-shellscript",
                "filename": "",
                "merge_type": ""
              }
            ],
            "rendered": "Content-Type: multipart/mixed; boundary=\"MIMEBOUNDARY\"\nMIME-Version: 1.0\r\n\r\n--MIMEBOUNDARY\r\nContent-Disposition: attachment; filename=\"init.cfg\"\r\nContent-Transfer-Encoding: 7bit\r\nContent-Type: text/cloud-config\r\nMime-Version: 1.0\r\n\r\n#cloud-config\n\nrepo_update: true\nrepo_upgrade: all\n\npackages:\n  - lvm2\n\noutput:\n  all: '| tee -a /var/log/cloud-init-output.log'\n\r\n--MIMEBOUNDARY\r\nContent-Transfer-Encoding: 7bit\r\nContent-Type: text/x-shellscript\r\nMime-Version: 1.0\r\n\r\n#!/bin/bash\n\nset -ex \n\nvgchange -ay\n\nDEVICE_FS=`blkid -o value -s TYPE /dev/xvdh || echo \"\"`\nif [ \"`echo -n $DEVICE_FS`\" == \"\" ] ; then \n  # wait for the device to be attached\n  DEVICENAME=`echo \"/dev/xvdh\" | awk -F '/' '{print $3}'`\n  DEVICEEXISTS=''\n  while [[ -z $DEVICEEXISTS ]]; do\n    echo \"checking $DEVICENAME\"\n    DEVICEEXISTS=`lsblk |grep \"$DEVICENAME\" |wc -l`\n    if [[ $DEVICEEXISTS != \"1\" ]]; then\n      sleep 15\n    fi\n  done\n  pvcreate /dev/xvdh\n  vgcreate data /dev/xvdh\n  lvcreate --name volume1 -l 100%FREE data\n  mkfs.ext4 /dev/data/volume1\nfi\nmkdir -p /data\necho '/dev/data/volume1 /data ext4 defaults 0 0' \u003e\u003e /etc/fstab\nmount /data\n\n# provision software\nsudo apt-get update\nsudo apt-get -y install nginx\n\n# sudo rm /var/www/html/index.nginx-debian.html\n# sudo mv /tmp/html_content.html /var/www/html/index.nginx-debian.html\n\n\nsudo mv /tmp/html_content.html /data/index.html\nsudo sed -i '41d' /etc/nginx/sites-available/default   \nsudo sed -i '41 a root /data;' /etc/nginx/sites-available/default\n# make sure nginx is started\nsudo service nginx restart\n\r\n--MIMEBOUNDARY--\r\n"
          }
        }
      ]
    },
    {
      "mode": "data",
      "type": "template_file",
      "name": "init-script",
      "provider": "provider.template",
      "instances": [
        {
          "schema_version": 0,
          "attributes": {
            "filename": null,
            "id": "40dc5d2c3e5e7f3ef706b219b77b637de1749c1928220b8adcc737098de652a7",
            "rendered": "#cloud-config\n\nrepo_update: true\nrepo_upgrade: all\n\npackages:\n  - lvm2\n\noutput:\n  all: '| tee -a /var/log/cloud-init-output.log'\n",
            "template": "#cloud-config\n\nrepo_update: true\nrepo_upgrade: all\n\npackages:\n  - lvm2\n\noutput:\n  all: '| tee -a /var/log/cloud-init-output.log'\n",
            "vars": {
              "REGION": "ap-southeast-1"
            }
          }
        }
      ]
    },
    {
      "mode": "data",
      "type": "template_file",
      "name": "shell-script",
      "provider": "provider.template",
      "instances": [
        {
          "schema_version": 0,
          "attributes": {
            "filename": null,
            "id": "980af5f0acc0fa388708e9c4535565893f6defb1d310c8c80c82ee3870f29870",
            "rendered": "#!/bin/bash\n\nset -ex \n\nvgchange -ay\n\nDEVICE_FS=`blkid -o value -s TYPE /dev/xvdh || echo \"\"`\nif [ \"`echo -n $DEVICE_FS`\" == \"\" ] ; then \n  # wait for the device to be attached\n  DEVICENAME=`echo \"/dev/xvdh\" | awk -F '/' '{print $3}'`\n  DEVICEEXISTS=''\n  while [[ -z $DEVICEEXISTS ]]; do\n    echo \"checking $DEVICENAME\"\n    DEVICEEXISTS=`lsblk |grep \"$DEVICENAME\" |wc -l`\n    if [[ $DEVICEEXISTS != \"1\" ]]; then\n      sleep 15\n    fi\n  done\n  pvcreate /dev/xvdh\n  vgcreate data /dev/xvdh\n  lvcreate --name volume1 -l 100%FREE data\n  mkfs.ext4 /dev/data/volume1\nfi\nmkdir -p /data\necho '/dev/data/volume1 /data ext4 defaults 0 0' \u003e\u003e /etc/fstab\nmount /data\n\n# provision software\nsudo apt-get update\nsudo apt-get -y install nginx\n\n# sudo rm /var/www/html/index.nginx-debian.html\n# sudo mv /tmp/html_content.html /var/www/html/index.nginx-debian.html\n\n\nsudo mv /tmp/html_content.html /data/index.html\nsudo sed -i '41d' /etc/nginx/sites-available/default   \nsudo sed -i '41 a root /data;' /etc/nginx/sites-available/default\n# make sure nginx is started\nsudo service nginx restart\n",
            "template": "#!/bin/bash\n\nset -ex \n\nvgchange -ay\n\nDEVICE_FS=`blkid -o value -s TYPE ${DEVICE} || echo \"\"`\nif [ \"`echo -n $DEVICE_FS`\" == \"\" ] ; then \n  # wait for the device to be attached\n  DEVICENAME=`echo \"${DEVICE}\" | awk -F '/' '{print $3}'`\n  DEVICEEXISTS=''\n  while [[ -z $DEVICEEXISTS ]]; do\n    echo \"checking $DEVICENAME\"\n    DEVICEEXISTS=`lsblk |grep \"$DEVICENAME\" |wc -l`\n    if [[ $DEVICEEXISTS != \"1\" ]]; then\n      sleep 15\n    fi\n  done\n  pvcreate ${DEVICE}\n  vgcreate data ${DEVICE}\n  lvcreate --name volume1 -l 100%FREE data\n  mkfs.ext4 /dev/data/volume1\nfi\nmkdir -p /data\necho '/dev/data/volume1 /data ext4 defaults 0 0' \u003e\u003e /etc/fstab\nmount /data\n\n# provision software\nsudo apt-get update\nsudo apt-get -y install nginx\n\n# sudo rm /var/www/html/index.nginx-debian.html\n# sudo mv /tmp/html_content.html /var/www/html/index.nginx-debian.html\n\n\nsudo mv /tmp/html_content.html /data/index.html\nsudo sed -i '41d' /etc/nginx/sites-available/default   \nsudo sed -i '41 a root /data;' /etc/nginx/sites-available/default\n# make sure nginx is started\nsudo service nginx restart\n",
            "vars": {
              "DEVICE": "/dev/xvdh"
            }
          }
        }
      ]
    },
    {
      "mode": "managed",
      "type": "aws_ebs_volume",
      "name": "ebs-volume-1",
      "provider": "provider.aws",
      "instances": [
        {
          "schema_version": 0,
          "attributes": {
            "arn": "arn:aws:ec2:ap-southeast-1:867485879935:volume/vol-046d8b8a033f30426",
            "availability_zone": "ap-southeast-1a",
            "encrypted": false,
            "id": "vol-046d8b8a033f30426",
            "iops": 100,
            "kms_key_id": "",
            "multi_attach_enabled": false,
            "outpost_arn": "",
            "size": 1,
            "snapshot_id": "",
            "tags": {
              "Name": "extra volume data"
            },
            "throughput": 0,
            "type": "gp2"
          },
          "private": "bnVsbA=="
        }
      ]
    },
    {
      "mode": "managed",
      "type": "aws_eip",
      "name": "lb",
      "provider": "provider.aws",
      "instances": [
        {
          "schema_version": 0,
          "attributes": {
            "allocation_id": null,
            "associate_with_private_ip": null,
            "association_id": "eipassoc-07941975b52a3d707",
            "carrier_ip": "",
            "customer_owned_ip": "",
            "customer_owned_ipv4_pool": "",
            "domain": "vpc",
            "id": "eipalloc-08f52cf1a1ba1533a",
            "instance": "i-012e2309ee4bca87e",
            "network_border_group": "ap-southeast-1",
            "network_interface": "eni-098a2c4a703ae27bb",
            "private_dns": "ip-10-0-1-127.ap-southeast-1.compute.internal",
            "private_ip": "10.0.1.127",
            "public_dns": "ec2-54-251-125-181.ap-southeast-1.compute.amazonaws.com",
            "public_ip": "54.251.125.181",
            "public_ipv4_pool": "amazon",
            "tags": null,
            "timeouts": null,
            "vpc": true
          },
          "private": "eyJlMmJmYjczMC1lY2FhLTExZTYtOGY4OC0zNDM2M2JjN2M0YzAiOnsiZGVsZXRlIjoxODAwMDAwMDAwMDAsInJlYWQiOjkwMDAwMDAwMDAwMCwidXBkYXRlIjozMDAwMDAwMDAwMDB9fQ==",
          "dependencies": [
            "aws_instance.example",
            "aws_key_pair.mykeypair",
            "aws_security_group.elb-securitygroup",
            "aws_security_group.myinstance",
            "aws_subnet.main-public-1",
            "aws_vpc.main"
          ]
        }
      ]
    },
    {
      "mode": "managed",
      "type": "aws_eip",
      "name": "nat",
      "provider": "provider.aws",
      "instances": [
        {
          "schema_version": 0,
          "attributes": {
            "allocation_id": null,
            "associate_with_private_ip": null,
            "association_id": "",
            "carrier_ip": "",
            "customer_owned_ip": "",
            "customer_owned_ipv4_pool": "",
            "domain": "vpc",
            "id": "eipalloc-0857e73bb4ace6ce9",
            "instance": "",
            "network_border_group": "ap-southeast-1",
            "network_interface": "",
            "private_dns": null,
            "private_ip": "",
            "public_dns": "ec2-18-136-85-37.ap-southeast-1.compute.amazonaws.com",
            "public_ip": "18.136.85.37",
            "public_ipv4_pool": "amazon",
            "tags": null,
            "timeouts": null,
            "vpc": true
          },
          "private": "eyJlMmJmYjczMC1lY2FhLTExZTYtOGY4OC0zNDM2M2JjN2M0YzAiOnsiZGVsZXRlIjoxODAwMDAwMDAwMDAsInJlYWQiOjkwMDAwMDAwMDAwMCwidXBkYXRlIjozMDAwMDAwMDAwMDB9fQ=="
        }
      ]
    },
    {
      "mode": "managed",
      "type": "aws_elb",
      "name": "my-elb",
      "provider": "provider.aws",
      "instances": [
        {
          "schema_version": 0,
          "attributes": {
            "access_logs": [],
            "arn": "arn:aws:elasticloadbalancing:ap-southeast-1:867485879935:loadbalancer/my-elb",
            "availability_zones": [
              "ap-southeast-1a",
              "ap-southeast-1b"
            ],
            "connection_draining": true,
            "connection_draining_timeout": 400,
            "cross_zone_load_balancing": true,
            "dns_name": "my-elb-1696914434.ap-southeast-1.elb.amazonaws.com",
            "health_check": [
              {
                "healthy_threshold": 2,
                "interval": 30,
                "target": "HTTP:80/",
                "timeout": 3,
                "unhealthy_threshold": 2
              }
            ],
            "id": "my-elb",
            "idle_timeout": 60,
            "instances": [
              "i-012e2309ee4bca87e"
            ],
            "internal": false,
            "listener": [
              {
                "instance_port": 80,
                "instance_protocol": "http",
                "lb_port": 80,
                "lb_protocol": "http",
                "ssl_certificate_id": ""
              }
            ],
            "name": "my-elb",
            "name_prefix": null,
            "security_groups": [
              "sg-0c7e46502d688cec3"
            ],
            "source_security_group": "867485879935/elb",
            "source_security_group_id": "sg-0c7e46502d688cec3",
            "subnets": [
              "subnet-07bb28970dbec925b",
              "subnet-07e7bd41bc47f7032"
            ],
            "tags": {
              "Name": "my-elb"
            },
            "zone_id": "Z1LMS91P8CMLE5"
          },
          "private": "bnVsbA==",
          "dependencies": [
            "aws_instance.example",
            "aws_key_pair.mykeypair",
            "aws_security_group.elb-securitygroup",
            "aws_security_group.myinstance",
            "aws_subnet.main-public-1",
            "aws_subnet.main-public-2",
            "aws_vpc.main"
          ]
        }
      ]
    },
    {
      "mode": "managed",
      "type": "aws_instance",
      "name": "example",
      "provider": "provider.aws",
      "instances": [
        {
          "schema_version": 1,
          "attributes": {
            "ami": "ami-04dfc6348dc03c931",
            "arn": "arn:aws:ec2:ap-southeast-1:867485879935:instance/i-012e2309ee4bca87e",
            "associate_public_ip_address": true,
            "availability_zone": "ap-southeast-1a",
            "cpu_core_count": 1,
            "cpu_threads_per_core": 1,
            "credit_specification": [
              {
                "cpu_credits": "standard"
              }
            ],
            "disable_api_termination": false,
            "ebs_block_device": [],
            "ebs_optimized": false,
            "enclave_options": [
              {
                "enabled": false
              }
            ],
            "ephemeral_block_device": [],
            "get_password_data": false,
            "hibernation": false,
            "host_id": null,
            "iam_instance_profile": "",
            "id": "i-012e2309ee4bca87e",
            "instance_initiated_shutdown_behavior": null,
            "instance_state": "running",
            "instance_type": "t2.micro",
            "ipv6_address_count": 0,
            "ipv6_addresses": [],
            "key_name": "mykeypair_aws",
            "metadata_options": [
              {
                "http_endpoint": "enabled",
                "http_put_response_hop_limit": 1,
                "http_tokens": "optional"
              }
            ],
            "monitoring": false,
            "network_interface": [],
            "outpost_arn": "",
            "password_data": "",
            "placement_group": "",
            "primary_network_interface_id": "eni-098a2c4a703ae27bb",
            "private_dns": "ip-10-0-1-127.ap-southeast-1.compute.internal",
            "private_ip": "10.0.1.127",
            "public_dns": "ec2-13-212-214-164.ap-southeast-1.compute.amazonaws.com",
            "public_ip": "13.212.214.164",
            "root_block_device": [
              {
                "delete_on_termination": true,
                "device_name": "/dev/sda1",
                "encrypted": false,
                "iops": 100,
                "kms_key_id": "",
                "tags": {},
                "throughput": 0,
                "volume_id": "vol-0d2a0cd0b15f000c5",
                "volume_size": 8,
                "volume_type": "gp2"
              }
            ],
            "secondary_private_ips": [],
            "security_groups": [],
            "source_dest_check": true,
            "subnet_id": "subnet-07bb28970dbec925b",
            "tags": {
              "Name": "aws-assignment-1"
            },
            "tenancy": "default",
            "timeouts": null,
            "user_data": "025e110f6e29e3587f043d2bf0b4653845d18942",
            "user_data_base64": null,
            "volume_tags": null,
            "vpc_security_group_ids": [
              "sg-001794ae853b0152a"
            ]
          },
          "private": "eyJlMmJmYjczMC1lY2FhLTExZTYtOGY4OC0zNDM2M2JjN2M0YzAiOnsiY3JlYXRlIjo2MDAwMDAwMDAwMDAsImRlbGV0ZSI6MTIwMDAwMDAwMDAwMCwidXBkYXRlIjo2MDAwMDAwMDAwMDB9LCJzY2hlbWFfdmVyc2lvbiI6IjEifQ==",
          "dependencies": [
            "aws_key_pair.mykeypair",
            "aws_security_group.elb-securitygroup",
            "aws_security_group.myinstance",
            "aws_subnet.main-public-1",
            "aws_vpc.main"
          ]
        }
      ]
    },
    {
      "mode": "managed",
      "type": "aws_internet_gateway",
      "name": "main-gw",
      "provider": "provider.aws",
      "instances": [
        {
          "schema_version": 0,
          "attributes": {
            "arn": "arn:aws:ec2:ap-southeast-1:867485879935:internet-gateway/igw-0f6c321f5c68bf847",
            "id": "igw-0f6c321f5c68bf847",
            "owner_id": "867485879935",
            "tags": {
              "Name": "main"
            },
            "vpc_id": "vpc-05b8f1012f5082fc7"
          },
          "private": "bnVsbA==",
          "dependencies": [
            "aws_vpc.main"
          ]
        }
      ]
    },
    {
      "mode": "managed",
      "type": "aws_key_pair",
      "name": "mykeypair",
      "provider": "provider.aws",
      "instances": [
        {
          "schema_version": 1,
          "attributes": {
            "arn": "arn:aws:ec2:ap-southeast-1:867485879935:key-pair/mykeypair_aws",
            "fingerprint": "86:2b:3f:53:c1:b3:82:39:09:32:2f:58:de:4f:38:27",
            "id": "mykeypair_aws",
            "key_name": "mykeypair_aws",
            "key_name_prefix": null,
            "key_pair_id": "key-0ca3a84c46e9d2b0f",
            "public_key": "ssh-rsa AAAAB3NzaC1yc2EAAAADAQABAAABAQDHfphTiC902jBFtb3hp+3Lu3WoTYdpGGmq68ekrgrEE1HxRR9skaaVIDLVbxcmcjyT0gTPFFBQhP4JUxuOWavvywCqnA0J5n/y4yovqntaMaenS6QRK9iTBYdhndNvXocIHAeBTzuXmD+10v9M/b8n5WT4zezsfGqdmzpojKYYFUMcmpS2SfRqcoEnGpRqHNtglmebRWVWK1owmM/rzHnHeQv8hX+oSe4xKxGh8A0gNMgyPVKA1ok1QUuI2i5XzLu1kKDlV4bAjKgtZ5mSsqOXwFtUqD1Pk59ER82sim/Lisa5x+7xJ6wfwY7M7ls3RRd7njuVAXQZyYYU/LaO6KFf root@terraform.lab.example.com",
            "tags": null
          },
          "private": "eyJzY2hlbWFfdmVyc2lvbiI6IjEifQ=="
        }
      ]
    },
    {
      "mode": "managed",
      "type": "aws_nat_gateway",
      "name": "nat-gw",
      "provider": "provider.aws",
      "instances": [
        {
          "schema_version": 0,
          "attributes": {
            "allocation_id": "eipalloc-0857e73bb4ace6ce9",
            "id": "nat-0646e78d5d546a87b",
            "network_interface_id": "eni-0a44bd08dba43aac3",
            "private_ip": "10.0.1.72",
            "public_ip": "18.136.85.37",
            "subnet_id": "subnet-07bb28970dbec925b",
            "tags": null
          },
          "private": "bnVsbA==",
          "dependencies": [
            "aws_eip.nat",
            "aws_internet_gateway.main-gw",
            "aws_subnet.main-public-1",
            "aws_vpc.main"
          ]
        }
      ]
    },
    {
      "mode": "managed",
      "type": "aws_route_table",
      "name": "main-private",
      "provider": "provider.aws",
      "instances": [
        {
          "schema_version": 0,
          "attributes": {
            "arn": "arn:aws:ec2:ap-southeast-1:867485879935:route-table/rtb-00b92146af924ac89",
            "id": "rtb-00b92146af924ac89",
            "owner_id": "867485879935",
            "propagating_vgws": [],
            "route": [
              {
                "carrier_gateway_id": "",
                "cidr_block": "0.0.0.0/0",
                "destination_prefix_list_id": "",
                "egress_only_gateway_id": "",
                "gateway_id": "",
                "instance_id": "",
                "ipv6_cidr_block": "",
                "local_gateway_id": "",
                "nat_gateway_id": "nat-0646e78d5d546a87b",
                "network_interface_id": "",
                "transit_gateway_id": "",
                "vpc_endpoint_id": "",
                "vpc_peering_connection_id": ""
              }
            ],
            "tags": {
              "Name": "main-private-1"
            },
            "vpc_id": "vpc-05b8f1012f5082fc7"
          },
          "private": "bnVsbA==",
          "dependencies": [
            "aws_eip.nat",
            "aws_internet_gateway.main-gw",
            "aws_nat_gateway.nat-gw",
            "aws_subnet.main-public-1",
            "aws_vpc.main"
          ]
        }
      ]
    },
    {
      "mode": "managed",
      "type": "aws_route_table",
      "name": "main-public",
      "provider": "provider.aws",
      "instances": [
        {
          "schema_version": 0,
          "attributes": {
            "arn": "arn:aws:ec2:ap-southeast-1:867485879935:route-table/rtb-007511e8120b50712",
            "id": "rtb-007511e8120b50712",
            "owner_id": "867485879935",
            "propagating_vgws": [],
            "route": [
              {
                "carrier_gateway_id": "",
                "cidr_block": "0.0.0.0/0",
                "destination_prefix_list_id": "",
                "egress_only_gateway_id": "",
                "gateway_id": "igw-0f6c321f5c68bf847",
                "instance_id": "",
                "ipv6_cidr_block": "",
                "local_gateway_id": "",
                "nat_gateway_id": "",
                "network_interface_id": "",
                "transit_gateway_id": "",
                "vpc_endpoint_id": "",
                "vpc_peering_connection_id": ""
              }
            ],
            "tags": {
              "Name": "main-public-1"
            },
            "vpc_id": "vpc-05b8f1012f5082fc7"
          },
          "private": "bnVsbA==",
          "dependencies": [
            "aws_internet_gateway.main-gw",
            "aws_vpc.main"
          ]
        }
      ]
    },
    {
      "mode": "managed",
      "type": "aws_route_table_association",
      "name": "main-private-1-a",
      "provider": "provider.aws",
      "instances": [
        {
          "schema_version": 0,
          "attributes": {
            "gateway_id": null,
            "id": "rtbassoc-0665d8f35a0782bbd",
            "route_table_id": "rtb-00b92146af924ac89",
            "subnet_id": "subnet-004611dec90cc306b"
          },
          "private": "bnVsbA==",
          "dependencies": [
            "aws_eip.nat",
            "aws_internet_gateway.main-gw",
            "aws_nat_gateway.nat-gw",
            "aws_route_table.main-private",
            "aws_subnet.main-private-1",
            "aws_subnet.main-public-1",
            "aws_vpc.main"
          ]
        }
      ]
    },
    {
      "mode": "managed",
      "type": "aws_route_table_association",
      "name": "main-private-2-a",
      "provider": "provider.aws",
      "instances": [
        {
          "schema_version": 0,
          "attributes": {
            "gateway_id": null,
            "id": "rtbassoc-0c44badd5879a1967",
            "route_table_id": "rtb-00b92146af924ac89",
            "subnet_id": "subnet-08aa46b410fffc335"
          },
          "private": "bnVsbA==",
          "dependencies": [
            "aws_eip.nat",
            "aws_internet_gateway.main-gw",
            "aws_nat_gateway.nat-gw",
            "aws_route_table.main-private",
            "aws_subnet.main-private-2",
            "aws_subnet.main-public-1",
            "aws_vpc.main"
          ]
        }
      ]
    },
    {
      "mode": "managed",
      "type": "aws_route_table_association",
      "name": "main-public-1-a",
      "provider": "provider.aws",
      "instances": [
        {
          "schema_version": 0,
          "attributes": {
            "gateway_id": null,
            "id": "rtbassoc-050a99bacfbc4a070",
            "route_table_id": "rtb-007511e8120b50712",
            "subnet_id": "subnet-07bb28970dbec925b"
          },
          "private": "bnVsbA==",
          "dependencies": [
            "aws_internet_gateway.main-gw",
            "aws_route_table.main-public",
            "aws_subnet.main-public-1",
            "aws_vpc.main"
          ]
        }
      ]
    },
    {
      "mode": "managed",
      "type": "aws_route_table_association",
      "name": "main-public-2-a",
      "provider": "provider.aws",
      "instances": [
        {
          "schema_version": 0,
          "attributes": {
            "gateway_id": null,
            "id": "rtbassoc-0bd76e880c92e0985",
            "route_table_id": "rtb-007511e8120b50712",
            "subnet_id": "subnet-07e7bd41bc47f7032"
          },
          "private": "bnVsbA==",
          "dependencies": [
            "aws_internet_gateway.main-gw",
            "aws_route_table.main-public",
            "aws_subnet.main-public-2",
            "aws_vpc.main"
          ]
        }
      ]
    },
    {
      "mode": "managed",
      "type": "aws_security_group",
      "name": "elb-securitygroup",
      "provider": "provider.aws",
      "instances": [
        {
          "schema_version": 1,
          "attributes": {
            "arn": "arn:aws:ec2:ap-southeast-1:867485879935:security-group/sg-0c7e46502d688cec3",
            "description": "security group for load balancer",
            "egress": [
              {
                "cidr_blocks": [
                  "0.0.0.0/0"
                ],
                "description": "",
                "from_port": 0,
                "ipv6_cidr_blocks": [],
                "prefix_list_ids": [],
                "protocol": "-1",
                "security_groups": [],
                "self": false,
                "to_port": 0
              }
            ],
            "id": "sg-0c7e46502d688cec3",
            "ingress": [
              {
                "cidr_blocks": [
                  "0.0.0.0/0"
                ],
                "description": "",
                "from_port": 80,
                "ipv6_cidr_blocks": [],
                "prefix_list_ids": [],
                "protocol": "tcp",
                "security_groups": [],
                "self": false,
                "to_port": 80
              }
            ],
            "name": "elb",
            "name_prefix": "",
            "owner_id": "867485879935",
            "revoke_rules_on_delete": false,
            "tags": {
              "Name": "elb"
            },
            "timeouts": null,
            "vpc_id": "vpc-05b8f1012f5082fc7"
          },
          "private": "eyJlMmJmYjczMC1lY2FhLTExZTYtOGY4OC0zNDM2M2JjN2M0YzAiOnsiY3JlYXRlIjo2MDAwMDAwMDAwMDAsImRlbGV0ZSI6OTAwMDAwMDAwMDAwfSwic2NoZW1hX3ZlcnNpb24iOiIxIn0=",
          "dependencies": [
            "aws_vpc.main"
          ]
        }
      ]
    },
    {
      "mode": "managed",
      "type": "aws_security_group",
      "name": "myinstance",
      "provider": "provider.aws",
      "instances": [
        {
          "schema_version": 1,
          "attributes": {
            "arn": "arn:aws:ec2:ap-southeast-1:867485879935:security-group/sg-001794ae853b0152a",
            "description": "security group for my instance",
            "egress": [
              {
                "cidr_blocks": [
                  "0.0.0.0/0"
                ],
                "description": "",
                "from_port": 0,
                "ipv6_cidr_blocks": [],
                "prefix_list_ids": [],
                "protocol": "-1",
                "security_groups": [],
                "self": false,
                "to_port": 0
              }
            ],
            "id": "sg-001794ae853b0152a",
            "ingress": [
              {
                "cidr_blocks": [
                  "0.0.0.0/0"
                ],
                "description": "",
                "from_port": 22,
                "ipv6_cidr_blocks": [],
                "prefix_list_ids": [],
                "protocol": "tcp",
                "security_groups": [],
                "self": false,
                "to_port": 22
              },
              {
                "cidr_blocks": [],
                "description": "",
                "from_port": 80,
                "ipv6_cidr_blocks": [],
                "prefix_list_ids": [],
                "protocol": "tcp",
                "security_groups": [
                  "sg-0c7e46502d688cec3"
                ],
                "self": false,
                "to_port": 80
              }
            ],
            "name": "myinstance",
            "name_prefix": "",
            "owner_id": "867485879935",
            "revoke_rules_on_delete": false,
            "tags": {
              "Name": "myinstance"
            },
            "timeouts": null,
            "vpc_id": "vpc-05b8f1012f5082fc7"
          },
          "private": "eyJlMmJmYjczMC1lY2FhLTExZTYtOGY4OC0zNDM2M2JjN2M0YzAiOnsiY3JlYXRlIjo2MDAwMDAwMDAwMDAsImRlbGV0ZSI6OTAwMDAwMDAwMDAwfSwic2NoZW1hX3ZlcnNpb24iOiIxIn0=",
          "dependencies": [
            "aws_security_group.elb-securitygroup",
            "aws_vpc.main"
          ]
        }
      ]
    },
    {
      "mode": "managed",
      "type": "aws_subnet",
      "name": "main-private-1",
      "provider": "provider.aws",
      "instances": [
        {
          "schema_version": 1,
          "attributes": {
            "arn": "arn:aws:ec2:ap-southeast-1:867485879935:subnet/subnet-004611dec90cc306b",
            "assign_ipv6_address_on_creation": false,
            "availability_zone": "ap-southeast-1a",
            "availability_zone_id": "apse1-az2",
            "cidr_block": "10.0.4.0/24",
            "customer_owned_ipv4_pool": "",
            "id": "subnet-004611dec90cc306b",
            "ipv6_cidr_block": "",
            "ipv6_cidr_block_association_id": "",
            "map_customer_owned_ip_on_launch": false,
            "map_public_ip_on_launch": false,
            "outpost_arn": "",
            "owner_id": "867485879935",
            "tags": {
              "Name": "main-private-1"
            },
            "tags_all": {
              "Name": "main-private-1"
            },
            "timeouts": null,
            "vpc_id": "vpc-05b8f1012f5082fc7"
          },
          "private": "eyJlMmJmYjczMC1lY2FhLTExZTYtOGY4OC0zNDM2M2JjN2M0YzAiOnsiY3JlYXRlIjo2MDAwMDAwMDAwMDAsImRlbGV0ZSI6MTIwMDAwMDAwMDAwMH0sInNjaGVtYV92ZXJzaW9uIjoiMSJ9",
          "dependencies": [
            "aws_vpc.main"
          ]
        }
      ]
    },
    {
      "mode": "managed",
      "type": "aws_subnet",
      "name": "main-private-2",
      "provider": "provider.aws",
      "instances": [
        {
          "schema_version": 1,
          "attributes": {
            "arn": "arn:aws:ec2:ap-southeast-1:867485879935:subnet/subnet-08aa46b410fffc335",
            "assign_ipv6_address_on_creation": false,
            "availability_zone": "ap-southeast-1b",
            "availability_zone_id": "apse1-az1",
            "cidr_block": "10.0.5.0/24",
            "customer_owned_ipv4_pool": "",
            "id": "subnet-08aa46b410fffc335",
            "ipv6_cidr_block": "",
            "ipv6_cidr_block_association_id": "",
            "map_customer_owned_ip_on_launch": false,
            "map_public_ip_on_launch": false,
            "outpost_arn": "",
            "owner_id": "867485879935",
            "tags": {
              "Name": "main-private-2"
            },
            "tags_all": {
              "Name": "main-private-2"
            },
            "timeouts": null,
            "vpc_id": "vpc-05b8f1012f5082fc7"
          },
          "private": "eyJlMmJmYjczMC1lY2FhLTExZTYtOGY4OC0zNDM2M2JjN2M0YzAiOnsiY3JlYXRlIjo2MDAwMDAwMDAwMDAsImRlbGV0ZSI6MTIwMDAwMDAwMDAwMH0sInNjaGVtYV92ZXJzaW9uIjoiMSJ9",
          "dependencies": [
            "aws_vpc.main"
          ]
        }
      ]
    },
    {
      "mode": "managed",
      "type": "aws_subnet",
      "name": "main-public-1",
      "provider": "provider.aws",
      "instances": [
        {
          "schema_version": 1,
          "attributes": {
            "arn": "arn:aws:ec2:ap-southeast-1:867485879935:subnet/subnet-07bb28970dbec925b",
            "assign_ipv6_address_on_creation": false,
            "availability_zone": "ap-southeast-1a",
            "availability_zone_id": "apse1-az2",
            "cidr_block": "10.0.1.0/24",
            "customer_owned_ipv4_pool": "",
            "id": "subnet-07bb28970dbec925b",
            "ipv6_cidr_block": "",
            "ipv6_cidr_block_association_id": "",
            "map_customer_owned_ip_on_launch": false,
            "map_public_ip_on_launch": true,
            "outpost_arn": "",
            "owner_id": "867485879935",
            "tags": {
              "Name": "main-public-1"
            },
            "tags_all": {
              "Name": "main-public-1"
            },
            "timeouts": null,
            "vpc_id": "vpc-05b8f1012f5082fc7"
          },
          "private": "eyJlMmJmYjczMC1lY2FhLTExZTYtOGY4OC0zNDM2M2JjN2M0YzAiOnsiY3JlYXRlIjo2MDAwMDAwMDAwMDAsImRlbGV0ZSI6MTIwMDAwMDAwMDAwMH0sInNjaGVtYV92ZXJzaW9uIjoiMSJ9",
          "dependencies": [
            "aws_vpc.main"
          ]
        }
      ]
    },
    {
      "mode": "managed",
      "type": "aws_subnet",
      "name": "main-public-2",
      "provider": "provider.aws",
      "instances": [
        {
          "schema_version": 1,
          "attributes": {
            "arn": "arn:aws:ec2:ap-southeast-1:867485879935:subnet/subnet-07e7bd41bc47f7032",
            "assign_ipv6_address_on_creation": false,
            "availability_zone": "ap-southeast-1b",
            "availability_zone_id": "apse1-az1",
            "cidr_block": "10.0.2.0/24",
            "customer_owned_ipv4_pool": "",
            "id": "subnet-07e7bd41bc47f7032",
            "ipv6_cidr_block": "",
            "ipv6_cidr_block_association_id": "",
            "map_customer_owned_ip_on_launch": false,
            "map_public_ip_on_launch": true,
            "outpost_arn": "",
            "owner_id": "867485879935",
            "tags": {
              "Name": "main-public-2"
            },
            "tags_all": {
              "Name": "main-public-2"
            },
            "timeouts": null,
            "vpc_id": "vpc-05b8f1012f5082fc7"
          },
          "private": "eyJlMmJmYjczMC1lY2FhLTExZTYtOGY4OC0zNDM2M2JjN2M0YzAiOnsiY3JlYXRlIjo2MDAwMDAwMDAwMDAsImRlbGV0ZSI6MTIwMDAwMDAwMDAwMH0sInNjaGVtYV92ZXJzaW9uIjoiMSJ9",
          "dependencies": [
            "aws_vpc.main"
          ]
        }
      ]
    },
    {
      "mode": "managed",
      "type": "aws_volume_attachment",
      "name": "ebs-volume-1-attachment",
      "provider": "provider.aws",
      "instances": [
        {
          "schema_version": 0,
          "attributes": {
            "device_name": "/dev/xvdh",
            "force_detach": null,
            "id": "vai-1659865153",
            "instance_id": "i-012e2309ee4bca87e",
            "skip_destroy": true,
            "volume_id": "vol-046d8b8a033f30426"
          },
          "private": "bnVsbA==",
          "dependencies": [
            "aws_ebs_volume.ebs-volume-1",
            "aws_instance.example",
            "aws_key_pair.mykeypair",
            "aws_security_group.elb-securitygroup",
            "aws_security_group.myinstance",
            "aws_subnet.main-public-1",
            "aws_vpc.main"
          ]
        }
      ]
    },
    {
      "mode": "managed",
      "type": "aws_vpc",
      "name": "main",
      "provider": "provider.aws",
      "instances": [
        {
          "schema_version": 1,
          "attributes": {
            "arn": "arn:aws:ec2:ap-southeast-1:867485879935:vpc/vpc-05b8f1012f5082fc7",
            "assign_generated_ipv6_cidr_block": false,
            "cidr_block": "10.0.0.0/16",
            "default_network_acl_id": "acl-01b752c8e8dc43a44",
            "default_route_table_id": "rtb-02541d5db42435ae1",
            "default_security_group_id": "sg-01e2f77b72b1d5901",
            "dhcp_options_id": "dopt-0899b7d0e6db35fe9",
            "enable_classiclink": false,
            "enable_classiclink_dns_support": false,
            "enable_dns_hostnames": true,
            "enable_dns_support": true,
            "id": "vpc-05b8f1012f5082fc7",
            "instance_tenancy": "default",
            "ipv6_association_id": "",
            "ipv6_cidr_block": "",
            "main_route_table_id": "rtb-02541d5db42435ae1",
            "owner_id": "867485879935",
            "tags": {
              "Name": "main"
            },
            "tags_all": {
              "Name": "main"
            }
          },
          "private": "eyJzY2hlbWFfdmVyc2lvbiI6IjEifQ=="
        }
      ]
    }
  ]
}
